
Microsoft Visual Studio Solution File, Format Version 12.00
# Visual Studio Version 17
VisualStudioVersion = 17.11.35219.272
MinimumVisualStudioVersion = 10.0.40219.1
Project("{8BC9CEB8-8B4A-11D0-8D11-00A0C91BC942}") = "test_9_6", "test_9_6\test_9_6.vcxproj", "{8A15E6E4-B2C1-44D5-88E9-B480E96DA655}"
EndProject
Global
	GlobalSection(SolutionConfigurationPlatforms) = preSolution
		Debug|x64 = Debug|x64
		Debug|x86 = Debug|x86
		Release|x64 = Release|x64
		Release|x86 = Release|x86
	EndGlobalSection
	GlobalSection(ProjectConfigurationPlatforms) = postSolution
		{8A15E6E4-B2C1-44D5-88E9-B480E96DA655}.Debug|x64.ActiveCfg = Debug|x64
		{8A15E6E4-B2C1-44D5-88E9-B480E96DA655}.Debug|x64.Build.0 = Debug|x64
		{8A15E6E4-B2C1-44D5-88E9-B480E96DA655}.Debug|x86.ActiveCfg = Debug|Win32
		{8A15E6E4-B2C1-44D5-88E9-B480E96DA655}.Debug|x86.Build.0 = Debug|Win32
		{8A15E6E4-B2C1-44D5-88E9-B480E96DA655}.Release|x64.ActiveCfg = Release|x64
		{8A15E6E4-B2C1-44D5-88E9-B480E96DA655}.Release|x64.Build.0 = Release|x64
		{8A15E6E4-B2C1-44D5-88E9-B480E96DA655}.Release|x86.ActiveCfg = Release|Win32
		{8A15E6E4-B2C1-44D5-88E9-B480E96DA655}.Release|x86.Build.0 = Release|Win32
	EndGlobalSection
	GlobalSection(SolutionProperties) = preSolution
		HideSolutionNode = FALSE
	EndGlobalSection
	GlobalSection(ExtensibilityGlobals) = postSolution
		SolutionGuid = {9E515FE3-D78E-4FF1-B5B7-FEA92527537F}
	EndGlobalSection
EndGlobal
