
Microsoft Visual Studio Solution File, Format Version 12.00
# Visual Studio Version 17
VisualStudioVersion = 17.11.35219.272
MinimumVisualStudioVersion = 10.0.40219.1
Project("{8BC9CEB8-8B4A-11D0-8D11-00A0C91BC942}") = "test_9_3", "test_9_3\test_9_3.vcxproj", "{95860B0C-0E96-4037-88DF-042AC88C7854}"
EndProject
Global
	GlobalSection(SolutionConfigurationPlatforms) = preSolution
		Debug|x64 = Debug|x64
		Debug|x86 = Debug|x86
		Release|x64 = Release|x64
		Release|x86 = Release|x86
	EndGlobalSection
	GlobalSection(ProjectConfigurationPlatforms) = postSolution
		{95860B0C-0E96-4037-88DF-042AC88C7854}.Debug|x64.ActiveCfg = Debug|x64
		{95860B0C-0E96-4037-88DF-042AC88C7854}.Debug|x64.Build.0 = Debug|x64
		{95860B0C-0E96-4037-88DF-042AC88C7854}.Debug|x86.ActiveCfg = Debug|Win32
		{95860B0C-0E96-4037-88DF-042AC88C7854}.Debug|x86.Build.0 = Debug|Win32
		{95860B0C-0E96-4037-88DF-042AC88C7854}.Release|x64.ActiveCfg = Release|x64
		{95860B0C-0E96-4037-88DF-042AC88C7854}.Release|x64.Build.0 = Release|x64
		{95860B0C-0E96-4037-88DF-042AC88C7854}.Release|x86.ActiveCfg = Release|Win32
		{95860B0C-0E96-4037-88DF-042AC88C7854}.Release|x86.Build.0 = Release|Win32
	EndGlobalSection
	GlobalSection(SolutionProperties) = preSolution
		HideSolutionNode = FALSE
	EndGlobalSection
	GlobalSection(ExtensibilityGlobals) = postSolution
		SolutionGuid = {F9207419-F407-4FCE-825E-6720530E6B4F}
	EndGlobalSection
EndGlobal
